
Microsoft Visual Studio Solution File, Format Version 12.00
# Visual Studio Version 17
VisualStudioVersion = 17.9.34728.123
MinimumVisualStudioVersion = 10.0.40219.1
Project("{2150E333-8FDC-42A3-9474-1A3956D46DE8}") = "src", "src", "{D678382E-19A6-45EF-8F86-5E53A248BB0E}"
EndProject
Project("{2150E333-8FDC-42A3-9474-1A3956D46DE8}") = "services", "services", "{6F45B598-66FA-432D-8F75-26B4660F880A}"
EndProject
Project("{2150E333-8FDC-42A3-9474-1A3956D46DE8}") = "products", "products", "{0106A5F0-6A31-4436-AC36-4CAB2E271E68}"
EndProject
Project("{9A19103F-16F7-4668-BE54-9A1E7A4F7556}") = "Products.Api", "src\services\products\Products.Api\Products.Api.csproj", "{73B67C9B-9E6F-4AE7-875B-7DC14D5133B6}"
EndProject
Project("{9A19103F-16F7-4668-BE54-9A1E7A4F7556}") = "Products.Application", "src\services\products\Products.Application\Products.Application.csproj", "{5B59DB48-2122-494F-8796-5CFB3E62C79D}"
EndProject
Project("{9A19103F-16F7-4668-BE54-9A1E7A4F7556}") = "Products.Domain", "src\services\products\Products.Domain\Products.Domain.csproj", "{F8F3435B-9EC2-42E5-A13C-864F9C50B30B}"
EndProject
Project("{9A19103F-16F7-4668-BE54-9A1E7A4F7556}") = "Products.Infrastructure", "src\services\products\Products.Infrastructure\Products.Infrastructure.csproj", "{D653E2A2-C865-4212-9C16-458884CE4134}"
EndProject
Project("{E53339B2-1760-4266-BCC7-CA923CBCF16C}") = "docker-compose", "docker-compose.dcproj", "{CF90A465-D911-496A-981D-D96A2B00A0C2}"
EndProject
Project("{2150E333-8FDC-42A3-9474-1A3956D46DE8}") = "Doc", "Doc", "{6DC3CDBE-AB67-4902-A4F5-94F95DDCC304}"
	ProjectSection(SolutionItems) = preProject
		Doc\My-Docker-Command.txt = Doc\My-Docker-Command.txt
	EndProjectSection
EndProject
Project("{2150E333-8FDC-42A3-9474-1A3956D46DE8}") = "Baskets", "Baskets", "{15022CA0-7D4A-4BE0-8608-FF6B083A2929}"
EndProject
Project("{FAE04EC0-301F-11D3-BF4B-00C04F79EFBC}") = "Basket.API", "src\services\Basket.API\Basket.API.csproj", "{32DEC4AB-3798-425C-816B-81E1488FB108}"
EndProject
Global
	GlobalSection(SolutionConfigurationPlatforms) = preSolution
		Debug|Any CPU = Debug|Any CPU
		Release|Any CPU = Release|Any CPU
	EndGlobalSection
	GlobalSection(ProjectConfigurationPlatforms) = postSolution
		{73B67C9B-9E6F-4AE7-875B-7DC14D5133B6}.Debug|Any CPU.ActiveCfg = Debug|Any CPU
		{73B67C9B-9E6F-4AE7-875B-7DC14D5133B6}.Debug|Any CPU.Build.0 = Debug|Any CPU
		{73B67C9B-9E6F-4AE7-875B-7DC14D5133B6}.Release|Any CPU.ActiveCfg = Release|Any CPU
		{73B67C9B-9E6F-4AE7-875B-7DC14D5133B6}.Release|Any CPU.Build.0 = Release|Any CPU
		{5B59DB48-2122-494F-8796-5CFB3E62C79D}.Debug|Any CPU.ActiveCfg = Debug|Any CPU
		{5B59DB48-2122-494F-8796-5CFB3E62C79D}.Debug|Any CPU.Build.0 = Debug|Any CPU
		{5B59DB48-2122-494F-8796-5CFB3E62C79D}.Release|Any CPU.ActiveCfg = Release|Any CPU
		{5B59DB48-2122-494F-8796-5CFB3E62C79D}.Release|Any CPU.Build.0 = Release|Any CPU
		{F8F3435B-9EC2-42E5-A13C-864F9C50B30B}.Debug|Any CPU.ActiveCfg = Debug|Any CPU
		{F8F3435B-9EC2-42E5-A13C-864F9C50B30B}.Debug|Any CPU.Build.0 = Debug|Any CPU
		{F8F3435B-9EC2-42E5-A13C-864F9C50B30B}.Release|Any CPU.ActiveCfg = Release|Any CPU
		{F8F3435B-9EC2-42E5-A13C-864F9C50B30B}.Release|Any CPU.Build.0 = Release|Any CPU
		{D653E2A2-C865-4212-9C16-458884CE4134}.Debug|Any CPU.ActiveCfg = Debug|Any CPU
		{D653E2A2-C865-4212-9C16-458884CE4134}.Debug|Any CPU.Build.0 = Debug|Any CPU
		{D653E2A2-C865-4212-9C16-458884CE4134}.Release|Any CPU.ActiveCfg = Release|Any CPU
		{D653E2A2-C865-4212-9C16-458884CE4134}.Release|Any CPU.Build.0 = Release|Any CPU
		{CF90A465-D911-496A-981D-D96A2B00A0C2}.Debug|Any CPU.ActiveCfg = Debug|Any CPU
		{CF90A465-D911-496A-981D-D96A2B00A0C2}.Debug|Any CPU.Build.0 = Debug|Any CPU
		{CF90A465-D911-496A-981D-D96A2B00A0C2}.Release|Any CPU.ActiveCfg = Release|Any CPU
		{CF90A465-D911-496A-981D-D96A2B00A0C2}.Release|Any CPU.Build.0 = Release|Any CPU
		{32DEC4AB-3798-425C-816B-81E1488FB108}.Debug|Any CPU.ActiveCfg = Debug|Any CPU
		{32DEC4AB-3798-425C-816B-81E1488FB108}.Debug|Any CPU.Build.0 = Debug|Any CPU
		{32DEC4AB-3798-425C-816B-81E1488FB108}.Release|Any CPU.ActiveCfg = Release|Any CPU
		{32DEC4AB-3798-425C-816B-81E1488FB108}.Release|Any CPU.Build.0 = Release|Any CPU
	EndGlobalSection
	GlobalSection(SolutionProperties) = preSolution
		HideSolutionNode = FALSE
	EndGlobalSection
	GlobalSection(NestedProjects) = preSolution
		{6F45B598-66FA-432D-8F75-26B4660F880A} = {D678382E-19A6-45EF-8F86-5E53A248BB0E}
		{0106A5F0-6A31-4436-AC36-4CAB2E271E68} = {6F45B598-66FA-432D-8F75-26B4660F880A}
		{73B67C9B-9E6F-4AE7-875B-7DC14D5133B6} = {0106A5F0-6A31-4436-AC36-4CAB2E271E68}
		{5B59DB48-2122-494F-8796-5CFB3E62C79D} = {0106A5F0-6A31-4436-AC36-4CAB2E271E68}
		{F8F3435B-9EC2-42E5-A13C-864F9C50B30B} = {0106A5F0-6A31-4436-AC36-4CAB2E271E68}
		{D653E2A2-C865-4212-9C16-458884CE4134} = {0106A5F0-6A31-4436-AC36-4CAB2E271E68}
		{15022CA0-7D4A-4BE0-8608-FF6B083A2929} = {6F45B598-66FA-432D-8F75-26B4660F880A}
		{32DEC4AB-3798-425C-816B-81E1488FB108} = {15022CA0-7D4A-4BE0-8608-FF6B083A2929}
	EndGlobalSection
	GlobalSection(ExtensibilityGlobals) = postSolution
		SolutionGuid = {13979D33-1EEC-45A2-9901-A2372E7C4D4D}
	EndGlobalSection
EndGlobal
